
Microsoft Visual Studio Solution File, Format Version 12.00
# Visual Studio 15
VisualStudioVersion = 15.0.28010.2026
MinimumVisualStudioVersion = 10.0.40219.1
Project("{FAE04EC0-301F-11D3-BF4B-00C04F79EFBC}") = "graphics_3", "WindowsFormsApp2\graphics_3.csproj", "{6BF91A37-C4F3-4BA2-9784-4AFB00139FEA}"
EndProject
Project("{FAE04EC0-301F-11D3-BF4B-00C04F79EFBC}") = "graphics_2", "graphics_2\graphics_2.csproj", "{187D26AA-6920-4E1D-9D8A-B88BC1641611}"
EndProject
Project("{FAE04EC0-301F-11D3-BF4B-00C04F79EFBC}") = "graphics_1", "CG_Task1\graphics_1.csproj", "{F2E483DF-D65B-4636-AB79-2BDD5C67A1AD}"
EndProject
Global
	GlobalSection(SolutionConfigurationPlatforms) = preSolution
		Debug|Any CPU = Debug|Any CPU
		Release|Any CPU = Release|Any CPU
	EndGlobalSection
	GlobalSection(ProjectConfigurationPlatforms) = postSolution
		{6BF91A37-C4F3-4BA2-9784-4AFB00139FEA}.Debug|Any CPU.ActiveCfg = Debug|Any CPU
		{6BF91A37-C4F3-4BA2-9784-4AFB00139FEA}.Debug|Any CPU.Build.0 = Debug|Any CPU
		{6BF91A37-C4F3-4BA2-9784-4AFB00139FEA}.Release|Any CPU.ActiveCfg = Release|Any CPU
		{6BF91A37-C4F3-4BA2-9784-4AFB00139FEA}.Release|Any CPU.Build.0 = Release|Any CPU
		{187D26AA-6920-4E1D-9D8A-B88BC1641611}.Debug|Any CPU.ActiveCfg = Debug|Any CPU
		{187D26AA-6920-4E1D-9D8A-B88BC1641611}.Debug|Any CPU.Build.0 = Debug|Any CPU
		{187D26AA-6920-4E1D-9D8A-B88BC1641611}.Release|Any CPU.ActiveCfg = Release|Any CPU
		{187D26AA-6920-4E1D-9D8A-B88BC1641611}.Release|Any CPU.Build.0 = Release|Any CPU
		{F2E483DF-D65B-4636-AB79-2BDD5C67A1AD}.Debug|Any CPU.ActiveCfg = Debug|Any CPU
		{F2E483DF-D65B-4636-AB79-2BDD5C67A1AD}.Debug|Any CPU.Build.0 = Debug|Any CPU
		{F2E483DF-D65B-4636-AB79-2BDD5C67A1AD}.Release|Any CPU.ActiveCfg = Release|Any CPU
		{F2E483DF-D65B-4636-AB79-2BDD5C67A1AD}.Release|Any CPU.Build.0 = Release|Any CPU
	EndGlobalSection
	GlobalSection(SolutionProperties) = preSolution
		HideSolutionNode = FALSE
	EndGlobalSection
	GlobalSection(ExtensibilityGlobals) = postSolution
		SolutionGuid = {C1AC4B26-EB0A-4099-871E-8FFCD3162096}
	EndGlobalSection
EndGlobal
